<?xml version="1.0" encoding="utf-8"?>
<Project ToolsVersion="4.0" xmlns="http://schemas.microsoft.com/developer/msbuild/2003">
  <ItemGroup>
    <CudaCompile Include="kernel.cu" />
  </ItemGroup>
  <ItemGroup>
    <Filter Include="shared">
      <UniqueIdentifier>{cef55ff7-fb5d-48b1-b941-c50d73ae57c7}</UniqueIdentifier>
    </Filter>
  </ItemGroup>
  <ItemGroup>
    <ClCompile Include="shared\CIS3DAxonRedundancyMap.cpp">
      <Filter>shared</Filter>
    </ClCompile>
    <ClCompile Include="shared\CIS3DBoundingBoxes.cpp">
      <Filter>shared</Filter>
    </ClCompile>
    <ClCompile Include="shared\CIS3DCellTypes.cpp">
      <Filter>shared</Filter>
    </ClCompile>
    <ClCompile Include="shared\CIS3DConstantsHelpers.cpp">
      <Filter>shared</Filter>
    </ClCompile>
    <ClCompile Include="shared\CIS3DNetworkProps.cpp">
      <Filter>shared</Filter>
    </ClCompile>
    <ClCompile Include="shared\CIS3DNeurons.cpp">
      <Filter>shared</Filter>
    </ClCompile>
    <ClCompile Include="shared\CIS3DPSTDensities.cpp">
      <Filter>shared</Filter>
    </ClCompile>
    <ClCompile Include="shared\CIS3DRegions.cpp">
      <Filter>shared</Filter>
    </ClCompile>
    <ClCompile Include="shared\CIS3DSparseField.cpp">
      <Filter>shared</Filter>
    </ClCompile>
    <ClCompile Include="shared\CIS3DSparseVectorSet.cpp">
      <Filter>shared</Filter>
    </ClCompile>
    <ClCompile Include="shared\CIS3DStatistics.cpp">
      <Filter>shared</Filter>
    </ClCompile>
    <ClCompile Include="shared\CIS3DVec3.cpp">
      <Filter>shared</Filter>
    </ClCompile>
    <ClCompile Include="shared\NeuronSelection.cpp">
      <Filter>shared</Filter>
    </ClCompile>
    <ClCompile Include="shared\Util.cpp">
      <Filter>shared</Filter>
    </ClCompile>
    <ClCompile Include="shared\UtilIO.cpp">
      <Filter>shared</Filter>
    </ClCompile>
    <ClCompile Include="ConnectionProbabilityCalculator.cpp" />
    <ClCompile Include="Distribution.cpp" />
    <ClCompile Include="FeatureProvider.cpp" />
    <ClCompile Include="networkSimulator.cpp" />
  </ItemGroup>
  <ItemGroup>
    <ClInclude Include="shared\CIS3DAxonRedundancyMap.h">
      <Filter>shared</Filter>
    </ClInclude>
    <ClInclude Include="shared\CIS3DBoundingBoxes.h">
      <Filter>shared</Filter>
    </ClInclude>
    <ClInclude Include="shared\CIS3DCellTypes.h">
      <Filter>shared</Filter>
    </ClInclude>
    <ClInclude Include="shared\CIS3DConstantsHelpers.h">
      <Filter>shared</Filter>
    </ClInclude>
    <ClInclude Include="shared\CIS3DNetworkProps.h">
      <Filter>shared</Filter>
    </ClInclude>
    <ClInclude Include="shared\CIS3DNeurons.h">
      <Filter>shared</Filter>
    </ClInclude>
    <ClInclude Include="shared\CIS3DPSTDensities.h">
      <Filter>shared</Filter>
    </ClInclude>
    <ClInclude Include="shared\CIS3DRegions.h">
      <Filter>shared</Filter>
    </ClInclude>
    <ClInclude Include="shared\CIS3DSparseField.h">
      <Filter>shared</Filter>
    </ClInclude>
    <ClInclude Include="shared\CIS3DSparseVectorSet.h">
      <Filter>shared</Filter>
    </ClInclude>
    <ClInclude Include="shared\CIS3DStatistics.h">
      <Filter>shared</Filter>
    </ClInclude>
    <ClInclude Include="shared\CIS3DVec3.h">
      <Filter>shared</Filter>
    </ClInclude>
    <ClInclude Include="shared\NeuronSelection.h">
      <Filter>shared</Filter>
    </ClInclude>
    <ClInclude Include="shared\Typedefs.h">
      <Filter>shared</Filter>
    </ClInclude>
    <ClInclude Include="shared\Util.h">
      <Filter>shared</Filter>
    </ClInclude>
    <ClInclude Include="shared\UtilIO.h">
      <Filter>shared</Filter>
    </ClInclude>
    <ClInclude Include="ConnectionProbabilityCalculator.h" />
    <ClInclude Include="Distribution.h" />
    <ClInclude Include="FeatureProvider.h" />
  </ItemGroup>
</Project>